{
  "originHash" : "40f0427d8201485abdd7eb44aeaf522a9bcf807d4e8f9dc23278a31da6911fbd",
  "pins" : [
    {
      "identity" : "relationalswift",
      "kind" : "remoteSourceControl",
      "location" : "https://github.com/kliliom/RelationalSwift.git",
      "state" : {
        "revision" : "bb5517f4c6bd7dd82f684e084b252d2c106cd6eb",
        "version" : "0.4.0"
      }
    },
    {
      "identity" : "swift-syntax",
      "kind" : "remoteSourceControl",
      "location" : "https://github.com/apple/swift-syntax.git",
      "state" : {
        "revision" : "0687f71944021d616d34d922343dcef086855920",
        "version" : "600.0.1"
      }
    }
  ],
  "version" : 3
}
