{
  "originHash" : "40f0427d8201485abdd7eb44aeaf522a9bcf807d4e8f9dc23278a31da6911fbd",
  "pins" : [
    {
      "identity" : "relationalswift",
      "kind" : "remoteSourceControl",
      "location" : "https://github.com/kliliom/RelationalSwift.git",
      "state" : {
        "revision" : "b79dc8c00d1d2cc42d2cd4c1fdb72ade710bf8c7",
        "version" : "0.3.1"
      }
    },
    {
      "identity" : "swift-syntax",
      "kind" : "remoteSourceControl",
      "location" : "https://github.com/apple/swift-syntax.git",
      "state" : {
        "revision" : "0687f71944021d616d34d922343dcef086855920",
        "version" : "600.0.1"
      }
    }
  ],
  "version" : 3
}
